
Microsoft Visual Studio Solution File, Format Version 12.00
# Visual Studio Version 17
VisualStudioVersion = 17.13.35828.75 d17.13
MinimumVisualStudioVersion = 10.0.40219.1
Project("{FAE04EC0-301F-11D3-BF4B-00C04F79EFBC}") = "Tarefas", "Tarefas\Tarefas.csproj", "{B1A9E8C0-9444-4C86-95B9-9C401ECCD6F2}"
EndProject
Global
	GlobalSection(SolutionConfigurationPlatforms) = preSolution
		Debug|Any CPU = Debug|Any CPU
		Release|Any CPU = Release|Any CPU
	EndGlobalSection
	GlobalSection(ProjectConfigurationPlatforms) = postSolution
		{B1A9E8C0-9444-4C86-95B9-9C401ECCD6F2}.Debug|Any CPU.ActiveCfg = Debug|Any CPU
		{B1A9E8C0-9444-4C86-95B9-9C401ECCD6F2}.Debug|Any CPU.Build.0 = Debug|Any CPU
		{B1A9E8C0-9444-4C86-95B9-9C401ECCD6F2}.Release|Any CPU.ActiveCfg = Release|Any CPU
		{B1A9E8C0-9444-4C86-95B9-9C401ECCD6F2}.Release|Any CPU.Build.0 = Release|Any CPU
	EndGlobalSection
	GlobalSection(SolutionProperties) = preSolution
		HideSolutionNode = FALSE
	EndGlobalSection
	GlobalSection(ExtensibilityGlobals) = postSolution
		SolutionGuid = {1F6ECE56-0C6E-4BC2-80B5-BE01A2A5BDEC}
	EndGlobalSection
EndGlobal
